
Microsoft Visual Studio Solution File, Format Version 12.00
# Visual Studio Version 17
VisualStudioVersion = 17.8.34525.116
MinimumVisualStudioVersion = 10.0.40219.1
Project("{FAE04EC0-301F-11D3-BF4B-00C04F79EFBC}") = "GuiaLamba", "GuiaLamba\GuiaLamba.csproj", "{723C6A38-749E-433A-8938-267902FBB278}"
EndProject
Global
	GlobalSection(SolutionConfigurationPlatforms) = preSolution
		Debug|Any CPU = Debug|Any CPU
		Release|Any CPU = Release|Any CPU
	EndGlobalSection
	GlobalSection(ProjectConfigurationPlatforms) = postSolution
		{723C6A38-749E-433A-8938-267902FBB278}.Debug|Any CPU.ActiveCfg = Debug|Any CPU
		{723C6A38-749E-433A-8938-267902FBB278}.Debug|Any CPU.Build.0 = Debug|Any CPU
		{723C6A38-749E-433A-8938-267902FBB278}.Release|Any CPU.ActiveCfg = Release|Any CPU
		{723C6A38-749E-433A-8938-267902FBB278}.Release|Any CPU.Build.0 = Release|Any CPU
	EndGlobalSection
	GlobalSection(SolutionProperties) = preSolution
		HideSolutionNode = FALSE
	EndGlobalSection
	GlobalSection(ExtensibilityGlobals) = postSolution
		SolutionGuid = {FFD5786C-6EF4-4436-8DC0-48604D50CFEA}
	EndGlobalSection
EndGlobal
